
Microsoft Visual Studio Solution File, Format Version 12.00
# Visual Studio Version 17
VisualStudioVersion = 17.11.35327.3
MinimumVisualStudioVersion = 10.0.40219.1
Project("{FAE04EC0-301F-11D3-BF4B-00C04F79EFBC}") = "bilit satis", "bilit satis.csproj", "{C16EC80B-CFB4-4300-A3CF-58CAB3C5509C}"
EndProject
Global
	GlobalSection(SolutionConfigurationPlatforms) = preSolution
		Debug|Any CPU = Debug|Any CPU
		Release|Any CPU = Release|Any CPU
	EndGlobalSection
	GlobalSection(ProjectConfigurationPlatforms) = postSolution
		{C16EC80B-CFB4-4300-A3CF-58CAB3C5509C}.Debug|Any CPU.ActiveCfg = Debug|Any CPU
		{C16EC80B-CFB4-4300-A3CF-58CAB3C5509C}.Debug|Any CPU.Build.0 = Debug|Any CPU
		{C16EC80B-CFB4-4300-A3CF-58CAB3C5509C}.Release|Any CPU.ActiveCfg = Release|Any CPU
		{C16EC80B-CFB4-4300-A3CF-58CAB3C5509C}.Release|Any CPU.Build.0 = Release|Any CPU
	EndGlobalSection
	GlobalSection(SolutionProperties) = preSolution
		HideSolutionNode = FALSE
	EndGlobalSection
	GlobalSection(ExtensibilityGlobals) = postSolution
		SolutionGuid = {FD1FCA9D-6BDD-4C20-A06C-BAD8BA4EAC74}
	EndGlobalSection
EndGlobal
